
Microsoft Visual Studio Solution File, Format Version 12.00
# Visual Studio Version 17
VisualStudioVersion = 17.4.33205.214
MinimumVisualStudioVersion = 10.0.40219.1
Project("{9A19103F-16F7-4668-BE54-9A1E7A4F7556}") = "LibraryAppNi", "LibraryAppNi.csproj", "{979AEB4D-D4AC-47D4-A26F-9EEC5491C15C}"
EndProject
Global
	GlobalSection(SolutionConfigurationPlatforms) = preSolution
		Debug|Any CPU = Debug|Any CPU
		Release|Any CPU = Release|Any CPU
	EndGlobalSection
	GlobalSection(ProjectConfigurationPlatforms) = postSolution
		{979AEB4D-D4AC-47D4-A26F-9EEC5491C15C}.Debug|Any CPU.ActiveCfg = Debug|Any CPU
		{979AEB4D-D4AC-47D4-A26F-9EEC5491C15C}.Debug|Any CPU.Build.0 = Debug|Any CPU
		{979AEB4D-D4AC-47D4-A26F-9EEC5491C15C}.Release|Any CPU.ActiveCfg = Release|Any CPU
		{979AEB4D-D4AC-47D4-A26F-9EEC5491C15C}.Release|Any CPU.Build.0 = Release|Any CPU
	EndGlobalSection
	GlobalSection(SolutionProperties) = preSolution
		HideSolutionNode = FALSE
	EndGlobalSection
	GlobalSection(ExtensibilityGlobals) = postSolution
		SolutionGuid = {C9CA8F26-0CB9-4D2E-AE33-51286DB536B2}
	EndGlobalSection
EndGlobal
